
Microsoft Visual Studio Solution File, Format Version 12.00
# Visual Studio Version 17
VisualStudioVersion = 17.13.35913.81 d17.13
MinimumVisualStudioVersion = 10.0.40219.1
Project("{FAE04EC0-301F-11D3-BF4B-00C04F79EFBC}") = "Camera22", "Camera22.csproj", "{B23DA2CF-7F6E-46B9-B92C-873ADBCCCC70}"
EndProject
Global
	GlobalSection(SolutionConfigurationPlatforms) = preSolution
		Debug|Any CPU = Debug|Any CPU
		Release|Any CPU = Release|Any CPU
	EndGlobalSection
	GlobalSection(ProjectConfigurationPlatforms) = postSolution
		{B23DA2CF-7F6E-46B9-B92C-873ADBCCCC70}.Debug|Any CPU.ActiveCfg = Debug|Any CPU
		{B23DA2CF-7F6E-46B9-B92C-873ADBCCCC70}.Debug|Any CPU.Build.0 = Debug|Any CPU
		{B23DA2CF-7F6E-46B9-B92C-873ADBCCCC70}.Debug|Any CPU.Deploy.0 = Debug|Any CPU
		{B23DA2CF-7F6E-46B9-B92C-873ADBCCCC70}.Release|Any CPU.ActiveCfg = Release|Any CPU
		{B23DA2CF-7F6E-46B9-B92C-873ADBCCCC70}.Release|Any CPU.Build.0 = Release|Any CPU
		{B23DA2CF-7F6E-46B9-B92C-873ADBCCCC70}.Release|Any CPU.Deploy.0 = Release|Any CPU
	EndGlobalSection
	GlobalSection(SolutionProperties) = preSolution
		HideSolutionNode = FALSE
	EndGlobalSection
	GlobalSection(ExtensibilityGlobals) = postSolution
		SolutionGuid = {CDE56656-8E90-4210-955E-7210B4FB407C}
	EndGlobalSection
EndGlobal
